// !$*UTF8*$!
{
	archiveVersion = 1;
	classes = {
	};
	objectVersion = 50;
	objects = {

/* Begin PBXBuildFile section */
		2DA7FCDD270DCCA300F7920C /* AppDelegate.swift in Sources */ = {isa = PBXBuildFile; fileRef = 2DA7FCDC270DCCA300F7920C /* AppDelegate.swift */; };
		2DA7FCE1270DCCA300F7920C /* ViewController.swift in Sources */ = {isa = PBXBuildFile; fileRef = 2DA7FCE0270DCCA300F7920C /* ViewController.swift */; };
		2DA7FCE4270DCCA300F7920C /* Main.storyboard in Resources */ = {isa = PBXBuildFile; fileRef = 2DA7FCE2270DCCA300F7920C /* Main.storyboard */; };
		2DA7FCE6270DCCA400F7920C /* Assets.xcassets in Resources */ = {isa = PBXBuildFile; fileRef = 2DA7FCE5270DCCA400F7920C /* Assets.xcassets */; };
		2DA7FCE9270DCCA400F7920C /* LaunchScreen.storyboard in Resources */ = {isa = PBXBuildFile; fileRef = 2DA7FCE7270DCCA400F7920C /* LaunchScreen.storyboard */; };
		2DA7FCF4270DD05500F7920C /* HomeTabBarController.swift in Sources */ = {isa = PBXBuildFile; fileRef = 2DA7FCF2270DD05500F7920C /* HomeTabBarController.swift */; };
/* End PBXBuildFile section */

/* Begin PBXFileReference section */
		2DA7FCD9270DCCA300F7920C /* Jams.app */ = {isa = PBXFileReference; explicitFileType = wrapper.application; includeInIndex = 0; path = Jams.app; sourceTree = BUILT_PRODUCTS_DIR; };
		2DA7FCDC270DCCA300F7920C /* AppDelegate.swift */ = {isa = PBXFileReference; lastKnownFileType = sourcecode.swift; path = AppDelegate.swift; sourceTree = "<group>"; };
		2DA7FCE0270DCCA300F7920C /* ViewController.swift */ = {isa = PBXFileReference; lastKnownFileType = sourcecode.swift; path = ViewController.swift; sourceTree = "<group>"; };
		2DA7FCE3270DCCA300F7920C /* Base */ = {isa = PBXFileReference; lastKnownFileType = file.storyboard; name = Base; path = Base.lproj/Main.storyboard; sourceTree = "<group>"; };
		2DA7FCE5270DCCA400F7920C /* Assets.xcassets */ = {isa = PBXFileReference; lastKnownFileType = folder.assetcatalog; path = Assets.xcassets; sourceTree = "<group>"; };
		2DA7FCE8270DCCA400F7920C /* Base */ = {isa = PBXFileReference; lastKnownFileType = file.storyboard; name = Base; path = Base.lproj/LaunchScreen.storyboard; sourceTree = "<group>"; };
		2DA7FCEA270DCCA400F7920C /* Info.plist */ = {isa = PBXFileReference; lastKnownFileType = text.plist.xml; path = Info.plist; sourceTree = "<group>"; };
		2DA7FCF2270DD05500F7920C /* HomeTabBarController.swift */ = {isa = PBXFileReference; lastKnownFileType = sourcecode.swift; path = HomeTabBarController.swift; sourceTree = "<group>"; };
/* End PBXFileReference section */

/* Begin PBXFrameworksBuildPhase section */
		2DA7FCD6270DCCA300F7920C /* Frameworks */ = {
			isa = PBXFrameworksBuildPhase;
			buildActionMask = 2147483647;
			files = (
			);
			runOnlyForDeploymentPostprocessing = 0;
		};
/* End PBXFrameworksBuildPhase section */

/* Begin PBXGroup section */
		2DA7FCD0270DCCA300F7920C = {
			isa = PBXGroup;
			children = (
				2DA7FCDB270DCCA300F7920C /* Jams */,
				2DA7FCDA270DCCA300F7920C /* Products */,
			);
			sourceTree = "<group>";
		};
		2DA7FCDA270DCCA300F7920C /* Products */ = {
			isa = PBXGroup;
			children = (
				2DA7FCD9270DCCA300F7920C /* Jams.app */,
			);
			name = Products;
			sourceTree = "<group>";
		};
		2DA7FCDB270DCCA300F7920C /* Jams */ = {
			isa = PBXGroup;
			children = (
				2DA7FCF0270DCE7400F7920C /* Modules */,
				2DA7FCDC270DCCA300F7920C /* AppDelegate.swift */,
				2DA7FCE0270DCCA300F7920C /* ViewController.swift */,
				2DA7FCE2270DCCA300F7920C /* Main.storyboard */,
				2DA7FCE5270DCCA400F7920C /* Assets.xcassets */,
				2DA7FCE7270DCCA400F7920C /* LaunchScreen.storyboard */,
				2DA7FCEA270DCCA400F7920C /* Info.plist */,
			);
			path = Jams;
			sourceTree = "<group>";
		};
		2DA7FCF0270DCE7400F7920C /* Modules */ = {
			isa = PBXGroup;
			children = (
				2DA7FCF1270DCE7B00F7920C /* Home (Tab) */,
			);
			path = Modules;
			sourceTree = "<group>";
		};
		2DA7FCF1270DCE7B00F7920C /* Home (Tab) */ = {
			isa = PBXGroup;
			children = (
				2DA7FCF2270DD05500F7920C /* HomeTabBarController.swift */,
			);
			path = "Home (Tab)";
			sourceTree = "<group>";
		};
/* End PBXGroup section */

/* Begin PBXNativeTarget section */
		2DA7FCD8270DCCA300F7920C /* Jams */ = {
			isa = PBXNativeTarget;
			buildConfigurationList = 2DA7FCED270DCCA400F7920C /* Build configuration list for PBXNativeTarget "Jams" */;
			buildPhases = (
				2DA7FCD5270DCCA300F7920C /* Sources */,
				2DA7FCD6270DCCA300F7920C /* Frameworks */,
				2DA7FCD7270DCCA300F7920C /* Resources */,
			);
			buildRules = (
			);
			dependencies = (
			);
			name = Jams;
			productName = Jams;
			productReference = 2DA7FCD9270DCCA300F7920C /* Jams.app */;
			productType = "com.apple.product-type.application";
		};
/* End PBXNativeTarget section */

/* Begin PBXProject section */
		2DA7FCD1270DCCA300F7920C /* Project object */ = {
			isa = PBXProject;
			attributes = {
				LastSwiftUpdateCheck = 1250;
				LastUpgradeCheck = 1250;
				TargetAttributes = {
					2DA7FCD8270DCCA300F7920C = {
						CreatedOnToolsVersion = 12.5.1;
					};
				};
			};
			buildConfigurationList = 2DA7FCD4270DCCA300F7920C /* Build configuration list for PBXProject "Jams" */;
			compatibilityVersion = "Xcode 9.3";
			developmentRegion = en;
			hasScannedForEncodings = 0;
			knownRegions = (
				en,
				Base,
			);
			mainGroup = 2DA7FCD0270DCCA300F7920C;
			productRefGroup = 2DA7FCDA270DCCA300F7920C /* Products */;
			projectDirPath = "";
			projectRoot = "";
			targets = (
				2DA7FCD8270DCCA300F7920C /* Jams */,
			);
		};
/* End PBXProject section */

/* Begin PBXResourcesBuildPhase section */
		2DA7FCD7270DCCA300F7920C /* Resources */ = {
			isa = PBXResourcesBuildPhase;
			buildActionMask = 2147483647;
			files = (
				2DA7FCE9270DCCA400F7920C /* LaunchScreen.storyboard in Resources */,
				2DA7FCE6270DCCA400F7920C /* Assets.xcassets in Resources */,
				2DA7FCE4270DCCA300F7920C /* Main.storyboard in Resources */,
			);
			runOnlyForDeploymentPostprocessing = 0;
		};
/* End PBXResourcesBuildPhase section */

/* Begin PBXSourcesBuildPhase section */
		2DA7FCD5270DCCA300F7920C /* Sources */ = {
			isa = PBXSourcesBuildPhase;
			buildActionMask = 2147483647;
			files = (
				2DA7FCE1270DCCA300F7920C /* ViewController.swift in Sources */,
				2DA7FCDD270DCCA300F7920C /* AppDelegate.swift in Sources */,
				2DA7FCF4270DD05500F7920C /* HomeTabBarController.swift in Sources */,
			);
			runOnlyForDeploymentPostprocessing = 0;
		};
/* End PBXSourcesBuildPhase section */

/* Begin PBXVariantGroup section */
		2DA7FCE2270DCCA300F7920C /* Main.storyboard */ = {
			isa = PBXVariantGroup;
			children = (
				2DA7FCE3270DCCA300F7920C /* Base */,
			);
			name = Main.storyboard;
			sourceTree = "<group>";
		};
		2DA7FCE7270DCCA400F7920C /* LaunchScreen.storyboard */ = {
			isa = PBXVariantGroup;
			children = (
				2DA7FCE8270DCCA400F7920C /* Base */,
			);
			name = LaunchScreen.storyboard;
			sourceTree = "<group>";
		};
/* End PBXVariantGroup section */

/* Begin XCBuildConfiguration section */
		2DA7FCEB270DCCA400F7920C /* Debug */ = {
			isa = XCBuildConfiguration;
			buildSettings = {
				ALWAYS_SEARCH_USER_PATHS = NO;
				CLANG_ANALYZER_NONNULL = YES;
				CLANG_ANALYZER_NUMBER_OBJECT_CONVERSION = YES_AGGRESSIVE;
				CLANG_CXX_LANGUAGE_STANDARD = "gnu++14";
				CLANG_CXX_LIBRARY = "libc++";
				CLANG_ENABLE_MODULES = YES;
				CLANG_ENABLE_OBJC_ARC = YES;
				CLANG_ENABLE_OBJC_WEAK = YES;
				CLANG_WARN_BLOCK_CAPTURE_AUTORELEASING = YES;
				CLANG_WARN_BOOL_CONVERSION = YES;
				CLANG_WARN_COMMA = YES;
				CLANG_WARN_CONSTANT_CONVERSION = YES;
				CLANG_WARN_DEPRECATED_OBJC_IMPLEMENTATIONS = YES;
				CLANG_WARN_DIRECT_OBJC_ISA_USAGE = YES_ERROR;
				CLANG_WARN_DOCUMENTATION_COMMENTS = YES;
				CLANG_WARN_EMPTY_BODY = YES;
				CLANG_WARN_ENUM_CONVERSION = YES;
				CLANG_WARN_INFINITE_RECURSION = YES;
				CLANG_WARN_INT_CONVERSION = YES;
				CLANG_WARN_NON_LITERAL_NULL_CONVERSION = YES;
				CLANG_WARN_OBJC_IMPLICIT_RETAIN_SELF = YES;
				CLANG_WARN_OBJC_LITERAL_CONVERSION = YES;
				CLANG_WARN_OBJC_ROOT_CLASS = YES_ERROR;
				CLANG_WARN_QUOTED_INCLUDE_IN_FRAMEWORK_HEADER = YES;
				CLANG_WARN_RANGE_LOOP_ANALYSIS = YES;
				CLANG_WARN_STRICT_PROTOTYPES = YES;
				CLANG_WARN_SUSPICIOUS_MOVE = YES;
				CLANG_WARN_UNGUARDED_AVAILABILITY = YES_AGGRESSIVE;
				CLANG_WARN_UNREACHABLE_CODE = YES;
				CLANG_WARN__DUPLICATE_METHOD_MATCH = YES;
				COPY_PHASE_STRIP = NO;
				DEBUG_INFORMATION_FORMAT = dwarf;
				ENABLE_STRICT_OBJC_MSGSEND = YES;
				ENABLE_TESTABILITY = YES;
				GCC_C_LANGUAGE_STANDARD = gnu11;
				GCC_DYNAMIC_NO_PIC = NO;
				GCC_NO_COMMON_BLOCKS = YES;
				GCC_OPTIMIZATION_LEVEL = 0;
				GCC_PREPROCESSOR_DEFINITIONS = (
					"DEBUG=1",
					"$(inherited)",
				);
				GCC_WARN_64_TO_32_BIT_CONVERSION = YES;
				GCC_WARN_ABOUT_RETURN_TYPE = YES_ERROR;
				GCC_WARN_UNDECLARED_SELECTOR = YES;
				GCC_WARN_UNINITIALIZED_AUTOS = YES_AGGRESSIVE;
				GCC_WARN_UNUSED_FUNCTION = YES;
				GCC_WARN_UNUSED_VARIABLE = YES;
				IPHONEOS_DEPLOYMENT_TARGET = 14.5;
				MTL_ENABLE_DEBUG_INFO = INCLUDE_SOURCE;
				MTL_FAST_MATH = YES;
				ONLY_ACTIVE_ARCH = YES;
				SDKROOT = iphoneos;
				SWIFT_ACTIVE_COMPILATION_CONDITIONS = DEBUG;
				SWIFT_OPTIMIZATION_LEVEL = "-Onone";
			};
			name = Debug;
		};
		2DA7FCEC270DCCA400F7920C /* Release */ = {
			isa = XCBuildConfiguration;
			buildSettings = {
				ALWAYS_SEARCH_USER_PATHS = NO;
				CLANG_ANALYZER_NONNULL = YES;
				CLANG_ANALYZER_NUMBER_OBJECT_CONVERSION = YES_AGGRESSIVE;
				CLANG_CXX_LANGUAGE_STANDARD = "gnu++14";
				CLANG_CXX_LIBRARY = "libc++";
				CLANG_ENABLE_MODULES = YES;
				CLANG_ENABLE_OBJC_ARC = YES;
				CLANG_ENABLE_OBJC_WEAK = YES;
				CLANG_WARN_BLOCK_CAPTURE_AUTORELEASING = YES;
				CLANG_WARN_BOOL_CONVERSION = YES;
				CLANG_WARN_COMMA = YES;
				CLANG_WARN_CONSTANT_CONVERSION = YES;
				CLANG_WARN_DEPRECATED_OBJC_IMPLEMENTATIONS = YES;
				CLANG_WARN_DIRECT_OBJC_ISA_USAGE = YES_ERROR;
				CLANG_WARN_DOCUMENTATION_COMMENTS = YES;
				CLANG_WARN_EMPTY_BODY = YES;
				CLANG_WARN_ENUM_CONVERSION = YES;
				CLANG_WARN_INFINITE_RECURSION = YES;
				CLANG_WARN_INT_CONVERSION = YES;
				CLANG_WARN_NON_LITERAL_NULL_CONVERSION = YES;
				CLANG_WARN_OBJC_IMPLICIT_RETAIN_SELF = YES;
				CLANG_WARN_OBJC_LITERAL_CONVERSION = YES;
				CLANG_WARN_OBJC_ROOT_CLASS = YES_ERROR;
				CLANG_WARN_QUOTED_INCLUDE_IN_FRAMEWORK_HEADER = YES;
				CLANG_WARN_RANGE_LOOP_ANALYSIS = YES;
				CLANG_WARN_STRICT_PROTOTYPES = YES;
				CLANG_WARN_SUSPICIOUS_MOVE = YES;
				CLANG_WARN_UNGUARDED_AVAILABILITY = YES_AGGRESSIVE;
				CLANG_WARN_UNREACHABLE_CODE = YES;
				CLANG_WARN__DUPLICATE_METHOD_MATCH = YES;
				COPY_PHASE_STRIP = NO;
				DEBUG_INFORMATION_FORMAT = "dwarf-with-dsym";
				ENABLE_NS_ASSERTIONS = NO;
				ENABLE_STRICT_OBJC_MSGSEND = YES;
				GCC_C_LANGUAGE_STANDARD = gnu11;
				GCC_NO_COMMON_BLOCKS = YES;
				GCC_WARN_64_TO_32_BIT_CONVERSION = YES;
				GCC_WARN_ABOUT_RETURN_TYPE = YES_ERROR;
				GCC_WARN_UNDECLARED_SELECTOR = YES;
				GCC_WARN_UNINITIALIZED_AUTOS = YES_AGGRESSIVE;
				GCC_WARN_UNUSED_FUNCTION = YES;
				GCC_WARN_UNUSED_VARIABLE = YES;
				IPHONEOS_DEPLOYMENT_TARGET = 14.5;
				MTL_ENABLE_DEBUG_INFO = NO;
				MTL_FAST_MATH = YES;
				SDKROOT = iphoneos;
				SWIFT_COMPILATION_MODE = wholemodule;
				SWIFT_OPTIMIZATION_LEVEL = "-O";
				VALIDATE_PRODUCT = YES;
			};
			name = Release;
		};
		2DA7FCEE270DCCA400F7920C /* Debug */ = {
			isa = XCBuildConfiguration;
			buildSettings = {
				ASSETCATALOG_COMPILER_APPICON_NAME = AppIcon;
				ASSETCATALOG_COMPILER_GLOBAL_ACCENT_COLOR_NAME = AccentColor;
				CODE_SIGN_STYLE = Automatic;
				DEVELOPMENT_TEAM = 3MGFLLHUA3;
				INFOPLIST_FILE = Jams/Info.plist;
				LD_RUNPATH_SEARCH_PATHS = (
					"$(inherited)",
					"@executable_path/Frameworks",
				);
				PRODUCT_BUNDLE_IDENTIFIER = com.yting.Jams;
				PRODUCT_NAME = "$(TARGET_NAME)";
				SWIFT_VERSION = 5.0;
				TARGETED_DEVICE_FAMILY = "1,2";
			};
			name = Debug;
		};
		2DA7FCEF270DCCA400F7920C /* Release */ = {
			isa = XCBuildConfiguration;
			buildSettings = {
				ASSETCATALOG_COMPILER_APPICON_NAME = AppIcon;
				ASSETCATALOG_COMPILER_GLOBAL_ACCENT_COLOR_NAME = AccentColor;
				CODE_SIGN_STYLE = Automatic;
				DEVELOPMENT_TEAM = 3MGFLLHUA3;
				INFOPLIST_FILE = Jams/Info.plist;
				LD_RUNPATH_SEARCH_PATHS = (
					"$(inherited)",
					"@executable_path/Frameworks",
				);
				PRODUCT_BUNDLE_IDENTIFIER = com.yting.Jams;
				PRODUCT_NAME = "$(TARGET_NAME)";
				SWIFT_VERSION = 5.0;
				TARGETED_DEVICE_FAMILY = "1,2";
			};
			name = Release;
		};
/* End XCBuildConfiguration section */

/* Begin XCConfigurationList section */
		2DA7FCD4270DCCA300F7920C /* Build configuration list for PBXProject "Jams" */ = {
			isa = XCConfigurationList;
			buildConfigurations = (
				2DA7FCEB270DCCA400F7920C /* Debug */,
				2DA7FCEC270DCCA400F7920C /* Release */,
			);
			defaultConfigurationIsVisible = 0;
			defaultConfigurationName = Release;
		};
		2DA7FCED270DCCA400F7920C /* Build configuration list for PBXNativeTarget "Jams" */ = {
			isa = XCConfigurationList;
			buildConfigurations = (
				2DA7FCEE270DCCA400F7920C /* Debug */,
				2DA7FCEF270DCCA400F7920C /* Release */,
			);
			defaultConfigurationIsVisible = 0;
			defaultConfigurationName = Release;
		};
/* End XCConfigurationList section */
	};
	rootObject = 2DA7FCD1270DCCA300F7920C /* Project object */;
}
