// !$*UTF8*$!
{
	archiveVersion = 1;
	classes = {
	};
	objectVersion = 51;
	objects = {

/* Begin PBXBuildFile section */
		01CCD1752DBD0B960CC771C5 /* Pods_Jams.framework in Frameworks */ = {isa = PBXBuildFile; fileRef = 14FB8BE44A43C4B4886ACC2C /* Pods_Jams.framework */; };
		2D90636327115DC7009E8D58 /* JamsViewModel.swift in Sources */ = {isa = PBXBuildFile; fileRef = 2D90636227115DC7009E8D58 /* JamsViewModel.swift */; };
		2D90636727117EBD009E8D58 /* ITunes.swift in Sources */ = {isa = PBXBuildFile; fileRef = 2D90636627117EBD009E8D58 /* ITunes.swift */; };
		2D90636A271181F3009E8D58 /* JamsDataSource.swift in Sources */ = {isa = PBXBuildFile; fileRef = 2D906369271181F3009E8D58 /* JamsDataSource.swift */; };
		2D90636D27119126009E8D58 /* Jams.xcdatamodeld in Sources */ = {isa = PBXBuildFile; fileRef = 2D90636B27119126009E8D58 /* Jams.xcdatamodeld */; };
		2D90638D2712A478009E8D58 /* FetchedJam.swift in Sources */ = {isa = PBXBuildFile; fileRef = 2D90638C2712A478009E8D58 /* FetchedJam.swift */; };
		2D90638F2712ADEA009E8D58 /* SearchResults.swift in Sources */ = {isa = PBXBuildFile; fileRef = 2D90638E2712ADEA009E8D58 /* SearchResults.swift */; };
		2D9D920E2712EE4E00FB32DD /* CoreDataManager.swift in Sources */ = {isa = PBXBuildFile; fileRef = 2D9D920D2712EE4E00FB32DD /* CoreDataManager.swift */; };
		2D9D92102712F88600FB32DD /* Jammable.swift in Sources */ = {isa = PBXBuildFile; fileRef = 2D9D920F2712F88600FB32DD /* Jammable.swift */; };
		2D9D92122712FFDA00FB32DD /* FavoriteJam.swift in Sources */ = {isa = PBXBuildFile; fileRef = 2D9D92112712FFDA00FB32DD /* FavoriteJam.swift */; };
		2D9D92162713125700FB32DD /* MyJamsViewModel.swift in Sources */ = {isa = PBXBuildFile; fileRef = 2D9D92152713125700FB32DD /* MyJamsViewModel.swift */; };
		2D9D9219271315F200FB32DD /* MyJamsDataSource.swift in Sources */ = {isa = PBXBuildFile; fileRef = 2D9D9218271315F200FB32DD /* MyJamsDataSource.swift */; };
		2D9D921B27141B4800FB32DD /* JamDetailsViewModel.swift in Sources */ = {isa = PBXBuildFile; fileRef = 2D9D921A27141B4800FB32DD /* JamDetailsViewModel.swift */; };
		2D9D921E271421BA00FB32DD /* JamDetailsDataSource.swift in Sources */ = {isa = PBXBuildFile; fileRef = 2D9D921D271421BA00FB32DD /* JamDetailsDataSource.swift */; };
		2D9D92262714881A00FB32DD /* JamsEmptyStateView.xib in Resources */ = {isa = PBXBuildFile; fileRef = 2D9D92252714881A00FB32DD /* JamsEmptyStateView.xib */; };
		2DA7FCDD270DCCA300F7920C /* AppDelegate.swift in Sources */ = {isa = PBXBuildFile; fileRef = 2DA7FCDC270DCCA300F7920C /* AppDelegate.swift */; };
		2DA7FCE6270DCCA400F7920C /* Assets.xcassets in Resources */ = {isa = PBXBuildFile; fileRef = 2DA7FCE5270DCCA400F7920C /* Assets.xcassets */; };
		2DA7FCE9270DCCA400F7920C /* LaunchScreen.storyboard in Resources */ = {isa = PBXBuildFile; fileRef = 2DA7FCE7270DCCA400F7920C /* LaunchScreen.storyboard */; };
		2DA7FCF9270DD3BE00F7920C /* JamsViewController.swift in Sources */ = {isa = PBXBuildFile; fileRef = 2DA7FCF7270DD3BE00F7920C /* JamsViewController.swift */; };
		2DA7FCFA270DD3BE00F7920C /* JamsViewController.xib in Resources */ = {isa = PBXBuildFile; fileRef = 2DA7FCF8270DD3BE00F7920C /* JamsViewController.xib */; };
		2DA7FCFE270DDFFE00F7920C /* MyJamsViewController.swift in Sources */ = {isa = PBXBuildFile; fileRef = 2DA7FCFC270DDFFE00F7920C /* MyJamsViewController.swift */; };
		2DA7FCFF270DDFFE00F7920C /* MyJamsViewController.xib in Resources */ = {isa = PBXBuildFile; fileRef = 2DA7FCFD270DDFFE00F7920C /* MyJamsViewController.xib */; };
		2DA7FD04270DE26D00F7920C /* JamTableViewCell.swift in Sources */ = {isa = PBXBuildFile; fileRef = 2DA7FD02270DE26D00F7920C /* JamTableViewCell.swift */; };
		2DA7FD05270DE26D00F7920C /* JamTableViewCell.xib in Resources */ = {isa = PBXBuildFile; fileRef = 2DA7FD03270DE26D00F7920C /* JamTableViewCell.xib */; };
		2DA7FD10270F31F900F7920C /* JamDetailsViewController.swift in Sources */ = {isa = PBXBuildFile; fileRef = 2DA7FD0E270F31F900F7920C /* JamDetailsViewController.swift */; };
		2DA7FD11270F31F900F7920C /* JamDetailsViewController.xib in Resources */ = {isa = PBXBuildFile; fileRef = 2DA7FD0F270F31F900F7920C /* JamDetailsViewController.xib */; };
/* End PBXBuildFile section */

/* Begin PBXFileReference section */
		14FB8BE44A43C4B4886ACC2C /* Pods_Jams.framework */ = {isa = PBXFileReference; explicitFileType = wrapper.framework; includeInIndex = 0; path = Pods_Jams.framework; sourceTree = BUILT_PRODUCTS_DIR; };
		249540F00462CF4659A44A1D /* Pods-Jams.debug.xcconfig */ = {isa = PBXFileReference; includeInIndex = 1; lastKnownFileType = text.xcconfig; name = "Pods-Jams.debug.xcconfig"; path = "Target Support Files/Pods-Jams/Pods-Jams.debug.xcconfig"; sourceTree = "<group>"; };
		2D90636227115DC7009E8D58 /* JamsViewModel.swift */ = {isa = PBXFileReference; lastKnownFileType = sourcecode.swift; path = JamsViewModel.swift; sourceTree = "<group>"; };
		2D90636627117EBD009E8D58 /* ITunes.swift */ = {isa = PBXFileReference; lastKnownFileType = sourcecode.swift; path = ITunes.swift; sourceTree = "<group>"; };
		2D906369271181F3009E8D58 /* JamsDataSource.swift */ = {isa = PBXFileReference; lastKnownFileType = sourcecode.swift; path = JamsDataSource.swift; sourceTree = "<group>"; };
		2D90636C27119126009E8D58 /* Jams.xcdatamodel */ = {isa = PBXFileReference; lastKnownFileType = wrapper.xcdatamodel; path = Jams.xcdatamodel; sourceTree = "<group>"; };
		2D90638C2712A478009E8D58 /* FetchedJam.swift */ = {isa = PBXFileReference; lastKnownFileType = sourcecode.swift; path = FetchedJam.swift; sourceTree = "<group>"; };
		2D90638E2712ADEA009E8D58 /* SearchResults.swift */ = {isa = PBXFileReference; lastKnownFileType = sourcecode.swift; path = SearchResults.swift; sourceTree = "<group>"; };
		2D9D920D2712EE4E00FB32DD /* CoreDataManager.swift */ = {isa = PBXFileReference; lastKnownFileType = sourcecode.swift; path = CoreDataManager.swift; sourceTree = "<group>"; };
		2D9D920F2712F88600FB32DD /* Jammable.swift */ = {isa = PBXFileReference; lastKnownFileType = sourcecode.swift; path = Jammable.swift; sourceTree = "<group>"; };
		2D9D92112712FFDA00FB32DD /* FavoriteJam.swift */ = {isa = PBXFileReference; lastKnownFileType = sourcecode.swift; path = FavoriteJam.swift; sourceTree = "<group>"; };
		2D9D92152713125700FB32DD /* MyJamsViewModel.swift */ = {isa = PBXFileReference; lastKnownFileType = sourcecode.swift; path = MyJamsViewModel.swift; sourceTree = "<group>"; };
		2D9D9218271315F200FB32DD /* MyJamsDataSource.swift */ = {isa = PBXFileReference; lastKnownFileType = sourcecode.swift; path = MyJamsDataSource.swift; sourceTree = "<group>"; };
		2D9D921A27141B4800FB32DD /* JamDetailsViewModel.swift */ = {isa = PBXFileReference; lastKnownFileType = sourcecode.swift; path = JamDetailsViewModel.swift; sourceTree = "<group>"; };
		2D9D921D271421BA00FB32DD /* JamDetailsDataSource.swift */ = {isa = PBXFileReference; lastKnownFileType = sourcecode.swift; path = JamDetailsDataSource.swift; sourceTree = "<group>"; };
		2D9D92252714881A00FB32DD /* JamsEmptyStateView.xib */ = {isa = PBXFileReference; lastKnownFileType = file.xib; path = JamsEmptyStateView.xib; sourceTree = "<group>"; };
		2DA7FCD9270DCCA300F7920C /* Jams.app */ = {isa = PBXFileReference; explicitFileType = wrapper.application; includeInIndex = 0; path = Jams.app; sourceTree = BUILT_PRODUCTS_DIR; };
		2DA7FCDC270DCCA300F7920C /* AppDelegate.swift */ = {isa = PBXFileReference; lastKnownFileType = sourcecode.swift; path = AppDelegate.swift; sourceTree = "<group>"; };
		2DA7FCE5270DCCA400F7920C /* Assets.xcassets */ = {isa = PBXFileReference; lastKnownFileType = folder.assetcatalog; path = Assets.xcassets; sourceTree = "<group>"; };
		2DA7FCE8270DCCA400F7920C /* Base */ = {isa = PBXFileReference; lastKnownFileType = file.storyboard; name = Base; path = Base.lproj/LaunchScreen.storyboard; sourceTree = "<group>"; };
		2DA7FCEA270DCCA400F7920C /* Info.plist */ = {isa = PBXFileReference; lastKnownFileType = text.plist.xml; path = Info.plist; sourceTree = "<group>"; };
		2DA7FCF7270DD3BE00F7920C /* JamsViewController.swift */ = {isa = PBXFileReference; lastKnownFileType = sourcecode.swift; path = JamsViewController.swift; sourceTree = "<group>"; };
		2DA7FCF8270DD3BE00F7920C /* JamsViewController.xib */ = {isa = PBXFileReference; lastKnownFileType = file.xib; path = JamsViewController.xib; sourceTree = "<group>"; };
		2DA7FCFC270DDFFE00F7920C /* MyJamsViewController.swift */ = {isa = PBXFileReference; lastKnownFileType = sourcecode.swift; path = MyJamsViewController.swift; sourceTree = "<group>"; };
		2DA7FCFD270DDFFE00F7920C /* MyJamsViewController.xib */ = {isa = PBXFileReference; lastKnownFileType = file.xib; path = MyJamsViewController.xib; sourceTree = "<group>"; };
		2DA7FD02270DE26D00F7920C /* JamTableViewCell.swift */ = {isa = PBXFileReference; lastKnownFileType = sourcecode.swift; path = JamTableViewCell.swift; sourceTree = "<group>"; };
		2DA7FD03270DE26D00F7920C /* JamTableViewCell.xib */ = {isa = PBXFileReference; lastKnownFileType = file.xib; path = JamTableViewCell.xib; sourceTree = "<group>"; };
		2DA7FD0E270F31F900F7920C /* JamDetailsViewController.swift */ = {isa = PBXFileReference; lastKnownFileType = sourcecode.swift; path = JamDetailsViewController.swift; sourceTree = "<group>"; };
		2DA7FD0F270F31F900F7920C /* JamDetailsViewController.xib */ = {isa = PBXFileReference; lastKnownFileType = file.xib; path = JamDetailsViewController.xib; sourceTree = "<group>"; };
		5190BEFD09513D3C360B9DE8 /* Pods-Jams.release.xcconfig */ = {isa = PBXFileReference; includeInIndex = 1; lastKnownFileType = text.xcconfig; name = "Pods-Jams.release.xcconfig"; path = "Target Support Files/Pods-Jams/Pods-Jams.release.xcconfig"; sourceTree = "<group>"; };
/* End PBXFileReference section */

/* Begin PBXFrameworksBuildPhase section */
		2DA7FCD6270DCCA300F7920C /* Frameworks */ = {
			isa = PBXFrameworksBuildPhase;
			buildActionMask = 2147483647;
			files = (
				01CCD1752DBD0B960CC771C5 /* Pods_Jams.framework in Frameworks */,
			);
			runOnlyForDeploymentPostprocessing = 0;
		};
/* End PBXFrameworksBuildPhase section */

/* Begin PBXGroup section */
		2D90636527117E77009E8D58 /* Network */ = {
			isa = PBXGroup;
			children = (
				2D90636627117EBD009E8D58 /* ITunes.swift */,
			);
			path = Network;
			sourceTree = "<group>";
		};
		2D906368271181D7009E8D58 /* Data Source */ = {
			isa = PBXGroup;
			children = (
				2D906369271181F3009E8D58 /* JamsDataSource.swift */,
			);
			path = "Data Source";
			sourceTree = "<group>";
		};
		2D90638B2712A465009E8D58 /* Models */ = {
			isa = PBXGroup;
			children = (
				2D9D920F2712F88600FB32DD /* Jammable.swift */,
				2D90638E2712ADEA009E8D58 /* SearchResults.swift */,
				2D90638C2712A478009E8D58 /* FetchedJam.swift */,
				2D9D92112712FFDA00FB32DD /* FavoriteJam.swift */,
			);
			path = Models;
			sourceTree = "<group>";
		};
		2D9D920C2712ED0000FB32DD /* Core Data */ = {
			isa = PBXGroup;
			children = (
				2D9D920D2712EE4E00FB32DD /* CoreDataManager.swift */,
			);
			path = "Core Data";
			sourceTree = "<group>";
		};
		2D9D9217271315E300FB32DD /* Data Source */ = {
			isa = PBXGroup;
			children = (
				2D9D9218271315F200FB32DD /* MyJamsDataSource.swift */,
			);
			path = "Data Source";
			sourceTree = "<group>";
		};
		2D9D921C271421AC00FB32DD /* Data Source */ = {
			isa = PBXGroup;
			children = (
				2D9D921D271421BA00FB32DD /* JamDetailsDataSource.swift */,
			);
			path = "Data Source";
			sourceTree = "<group>";
		};
		2D9D92272714882000FB32DD /* Empty State (Clean Run) */ = {
			isa = PBXGroup;
			children = (
				2D9D92252714881A00FB32DD /* JamsEmptyStateView.xib */,
			);
			path = "Empty State (Clean Run)";
			sourceTree = "<group>";
		};
		2DA7FCD0270DCCA300F7920C = {
			isa = PBXGroup;
			children = (
				2DA7FCDB270DCCA300F7920C /* Jams */,
				2DA7FCDA270DCCA300F7920C /* Products */,
				3530ACA2384A9C49D1169FF5 /* Pods */,
				926220DB605D539B005032AE /* Frameworks */,
			);
			sourceTree = "<group>";
		};
		2DA7FCDA270DCCA300F7920C /* Products */ = {
			isa = PBXGroup;
			children = (
				2DA7FCD9270DCCA300F7920C /* Jams.app */,
			);
			name = Products;
			sourceTree = "<group>";
		};
		2DA7FCDB270DCCA300F7920C /* Jams */ = {
			isa = PBXGroup;
			children = (
				2DA7FCDC270DCCA300F7920C /* AppDelegate.swift */,
				2DA7FCF0270DCE7400F7920C /* Modules */,
				2DA7FD152711553700F7920C /* Resources */,
			);
			path = Jams;
			sourceTree = "<group>";
		};
		2DA7FCF0270DCE7400F7920C /* Modules */ = {
			isa = PBXGroup;
			children = (
				2D90638B2712A465009E8D58 /* Models */,
				2DA7FCF6270DD39E00F7920C /* Jams */,
				2DA7FCFB270DDFEC00F7920C /* My Jams */,
				2DA7FD0D270F31D800F7920C /* Jam Details */,
				2D90636527117E77009E8D58 /* Network */,
				2D9D920C2712ED0000FB32DD /* Core Data */,
			);
			path = Modules;
			sourceTree = "<group>";
		};
		2DA7FCF6270DD39E00F7920C /* Jams */ = {
			isa = PBXGroup;
			children = (
				2DA7FCF8270DD3BE00F7920C /* JamsViewController.xib */,
				2D90636227115DC7009E8D58 /* JamsViewModel.swift */,
				2DA7FCF7270DD3BE00F7920C /* JamsViewController.swift */,
				2DA7FD01270DE25400F7920C /* Items */,
				2D906368271181D7009E8D58 /* Data Source */,
				2D9D92272714882000FB32DD /* Empty State (Clean Run) */,
			);
			path = Jams;
			sourceTree = "<group>";
		};
		2DA7FCFB270DDFEC00F7920C /* My Jams */ = {
			isa = PBXGroup;
			children = (
				2DA7FCFD270DDFFE00F7920C /* MyJamsViewController.xib */,
				2D9D92152713125700FB32DD /* MyJamsViewModel.swift */,
				2DA7FCFC270DDFFE00F7920C /* MyJamsViewController.swift */,
				2D9D9217271315E300FB32DD /* Data Source */,
			);
			path = "My Jams";
			sourceTree = "<group>";
		};
		2DA7FD01270DE25400F7920C /* Items */ = {
			isa = PBXGroup;
			children = (
				2DA7FD03270DE26D00F7920C /* JamTableViewCell.xib */,
				2DA7FD02270DE26D00F7920C /* JamTableViewCell.swift */,
			);
			path = Items;
			sourceTree = "<group>";
		};
		2DA7FD0D270F31D800F7920C /* Jam Details */ = {
			isa = PBXGroup;
			children = (
				2DA7FD0F270F31F900F7920C /* JamDetailsViewController.xib */,
				2D9D921A27141B4800FB32DD /* JamDetailsViewModel.swift */,
				2DA7FD0E270F31F900F7920C /* JamDetailsViewController.swift */,
				2D9D921C271421AC00FB32DD /* Data Source */,
			);
			path = "Jam Details";
			sourceTree = "<group>";
		};
		2DA7FD152711553700F7920C /* Resources */ = {
			isa = PBXGroup;
			children = (
				2DA7FCE5270DCCA400F7920C /* Assets.xcassets */,
				2DA7FCE7270DCCA400F7920C /* LaunchScreen.storyboard */,
				2DA7FCEA270DCCA400F7920C /* Info.plist */,
				2D90636B27119126009E8D58 /* Jams.xcdatamodeld */,
			);
			path = Resources;
			sourceTree = "<group>";
		};
		3530ACA2384A9C49D1169FF5 /* Pods */ = {
			isa = PBXGroup;
			children = (
				249540F00462CF4659A44A1D /* Pods-Jams.debug.xcconfig */,
				5190BEFD09513D3C360B9DE8 /* Pods-Jams.release.xcconfig */,
			);
			path = Pods;
			sourceTree = "<group>";
		};
		926220DB605D539B005032AE /* Frameworks */ = {
			isa = PBXGroup;
			children = (
				14FB8BE44A43C4B4886ACC2C /* Pods_Jams.framework */,
			);
			name = Frameworks;
			sourceTree = "<group>";
		};
/* End PBXGroup section */

/* Begin PBXNativeTarget section */
		2DA7FCD8270DCCA300F7920C /* Jams */ = {
			isa = PBXNativeTarget;
			buildConfigurationList = 2DA7FCED270DCCA400F7920C /* Build configuration list for PBXNativeTarget "Jams" */;
			buildPhases = (
				64CFF8286E60911B9A61E153 /* [CP] Check Pods Manifest.lock */,
				2DA7FCD5270DCCA300F7920C /* Sources */,
				2DA7FCD6270DCCA300F7920C /* Frameworks */,
				2DA7FCD7270DCCA300F7920C /* Resources */,
				AD79C23C7ED622A89FEAB70A /* [CP] Embed Pods Frameworks */,
			);
			buildRules = (
			);
			dependencies = (
			);
			name = Jams;
			productName = Jams;
			productReference = 2DA7FCD9270DCCA300F7920C /* Jams.app */;
			productType = "com.apple.product-type.application";
		};
/* End PBXNativeTarget section */

/* Begin PBXProject section */
		2DA7FCD1270DCCA300F7920C /* Project object */ = {
			isa = PBXProject;
			attributes = {
				LastSwiftUpdateCheck = 1250;
				LastUpgradeCheck = 1250;
				TargetAttributes = {
					2DA7FCD8270DCCA300F7920C = {
						CreatedOnToolsVersion = 12.5.1;
					};
				};
			};
			buildConfigurationList = 2DA7FCD4270DCCA300F7920C /* Build configuration list for PBXProject "Jams" */;
			compatibilityVersion = "Xcode 9.3";
			developmentRegion = en;
			hasScannedForEncodings = 0;
			knownRegions = (
				en,
				Base,
			);
			mainGroup = 2DA7FCD0270DCCA300F7920C;
			productRefGroup = 2DA7FCDA270DCCA300F7920C /* Products */;
			projectDirPath = "";
			projectRoot = "";
			targets = (
				2DA7FCD8270DCCA300F7920C /* Jams */,
			);
		};
/* End PBXProject section */

/* Begin PBXResourcesBuildPhase section */
		2DA7FCD7270DCCA300F7920C /* Resources */ = {
			isa = PBXResourcesBuildPhase;
			buildActionMask = 2147483647;
			files = (
				2DA7FCE9270DCCA400F7920C /* LaunchScreen.storyboard in Resources */,
				2DA7FD11270F31F900F7920C /* JamDetailsViewController.xib in Resources */,
				2DA7FCFA270DD3BE00F7920C /* JamsViewController.xib in Resources */,
				2D9D92262714881A00FB32DD /* JamsEmptyStateView.xib in Resources */,
				2DA7FCE6270DCCA400F7920C /* Assets.xcassets in Resources */,
				2DA7FD05270DE26D00F7920C /* JamTableViewCell.xib in Resources */,
				2DA7FCFF270DDFFE00F7920C /* MyJamsViewController.xib in Resources */,
			);
			runOnlyForDeploymentPostprocessing = 0;
		};
/* End PBXResourcesBuildPhase section */

/* Begin PBXShellScriptBuildPhase section */
		64CFF8286E60911B9A61E153 /* [CP] Check Pods Manifest.lock */ = {
			isa = PBXShellScriptBuildPhase;
			buildActionMask = 2147483647;
			files = (
			);
			inputFileListPaths = (
			);
			inputPaths = (
				"${PODS_PODFILE_DIR_PATH}/Podfile.lock",
				"${PODS_ROOT}/Manifest.lock",
			);
			name = "[CP] Check Pods Manifest.lock";
			outputFileListPaths = (
			);
			outputPaths = (
				"$(DERIVED_FILE_DIR)/Pods-Jams-checkManifestLockResult.txt",
			);
			runOnlyForDeploymentPostprocessing = 0;
			shellPath = /bin/sh;
			shellScript = "diff \"${PODS_PODFILE_DIR_PATH}/Podfile.lock\" \"${PODS_ROOT}/Manifest.lock\" > /dev/null\nif [ $? != 0 ] ; then\n    # print error to STDERR\n    echo \"error: The sandbox is not in sync with the Podfile.lock. Run 'pod install' or update your CocoaPods installation.\" >&2\n    exit 1\nfi\n# This output is used by Xcode 'outputs' to avoid re-running this script phase.\necho \"SUCCESS\" > \"${SCRIPT_OUTPUT_FILE_0}\"\n";
			showEnvVarsInLog = 0;
		};
		AD79C23C7ED622A89FEAB70A /* [CP] Embed Pods Frameworks */ = {
			isa = PBXShellScriptBuildPhase;
			buildActionMask = 2147483647;
			files = (
			);
			inputFileListPaths = (
				"${PODS_ROOT}/Target Support Files/Pods-Jams/Pods-Jams-frameworks-${CONFIGURATION}-input-files.xcfilelist",
			);
			name = "[CP] Embed Pods Frameworks";
			outputFileListPaths = (
				"${PODS_ROOT}/Target Support Files/Pods-Jams/Pods-Jams-frameworks-${CONFIGURATION}-output-files.xcfilelist",
			);
			runOnlyForDeploymentPostprocessing = 0;
			shellPath = /bin/sh;
			shellScript = "\"${PODS_ROOT}/Target Support Files/Pods-Jams/Pods-Jams-frameworks.sh\"\n";
			showEnvVarsInLog = 0;
		};
/* End PBXShellScriptBuildPhase section */

/* Begin PBXSourcesBuildPhase section */
		2DA7FCD5270DCCA300F7920C /* Sources */ = {
			isa = PBXSourcesBuildPhase;
			buildActionMask = 2147483647;
			files = (
				2DA7FD10270F31F900F7920C /* JamDetailsViewController.swift in Sources */,
				2DA7FD04270DE26D00F7920C /* JamTableViewCell.swift in Sources */,
				2D90636727117EBD009E8D58 /* ITunes.swift in Sources */,
				2DA7FCFE270DDFFE00F7920C /* MyJamsViewController.swift in Sources */,
				2D9D92122712FFDA00FB32DD /* FavoriteJam.swift in Sources */,
				2D90638D2712A478009E8D58 /* FetchedJam.swift in Sources */,
				2D90638F2712ADEA009E8D58 /* SearchResults.swift in Sources */,
				2D9D920E2712EE4E00FB32DD /* CoreDataManager.swift in Sources */,
				2D9D921E271421BA00FB32DD /* JamDetailsDataSource.swift in Sources */,
				2D90636327115DC7009E8D58 /* JamsViewModel.swift in Sources */,
				2D90636A271181F3009E8D58 /* JamsDataSource.swift in Sources */,
				2DA7FCF9270DD3BE00F7920C /* JamsViewController.swift in Sources */,
				2D9D92162713125700FB32DD /* MyJamsViewModel.swift in Sources */,
				2D9D921B27141B4800FB32DD /* JamDetailsViewModel.swift in Sources */,
				2D9D92102712F88600FB32DD /* Jammable.swift in Sources */,
				2D9D9219271315F200FB32DD /* MyJamsDataSource.swift in Sources */,
				2D90636D27119126009E8D58 /* Jams.xcdatamodeld in Sources */,
				2DA7FCDD270DCCA300F7920C /* AppDelegate.swift in Sources */,
			);
			runOnlyForDeploymentPostprocessing = 0;
		};
/* End PBXSourcesBuildPhase section */

/* Begin PBXVariantGroup section */
		2DA7FCE7270DCCA400F7920C /* LaunchScreen.storyboard */ = {
			isa = PBXVariantGroup;
			children = (
				2DA7FCE8270DCCA400F7920C /* Base */,
			);
			name = LaunchScreen.storyboard;
			sourceTree = "<group>";
		};
/* End PBXVariantGroup section */

/* Begin XCBuildConfiguration section */
		2DA7FCEB270DCCA400F7920C /* Debug */ = {
			isa = XCBuildConfiguration;
			buildSettings = {
				ALWAYS_SEARCH_USER_PATHS = NO;
				CLANG_ANALYZER_NONNULL = YES;
				CLANG_ANALYZER_NUMBER_OBJECT_CONVERSION = YES_AGGRESSIVE;
				CLANG_CXX_LANGUAGE_STANDARD = "gnu++14";
				CLANG_CXX_LIBRARY = "libc++";
				CLANG_ENABLE_MODULES = YES;
				CLANG_ENABLE_OBJC_ARC = YES;
				CLANG_ENABLE_OBJC_WEAK = YES;
				CLANG_WARN_BLOCK_CAPTURE_AUTORELEASING = YES;
				CLANG_WARN_BOOL_CONVERSION = YES;
				CLANG_WARN_COMMA = YES;
				CLANG_WARN_CONSTANT_CONVERSION = YES;
				CLANG_WARN_DEPRECATED_OBJC_IMPLEMENTATIONS = YES;
				CLANG_WARN_DIRECT_OBJC_ISA_USAGE = YES_ERROR;
				CLANG_WARN_DOCUMENTATION_COMMENTS = YES;
				CLANG_WARN_EMPTY_BODY = YES;
				CLANG_WARN_ENUM_CONVERSION = YES;
				CLANG_WARN_INFINITE_RECURSION = YES;
				CLANG_WARN_INT_CONVERSION = YES;
				CLANG_WARN_NON_LITERAL_NULL_CONVERSION = YES;
				CLANG_WARN_OBJC_IMPLICIT_RETAIN_SELF = YES;
				CLANG_WARN_OBJC_LITERAL_CONVERSION = YES;
				CLANG_WARN_OBJC_ROOT_CLASS = YES_ERROR;
				CLANG_WARN_QUOTED_INCLUDE_IN_FRAMEWORK_HEADER = YES;
				CLANG_WARN_RANGE_LOOP_ANALYSIS = YES;
				CLANG_WARN_STRICT_PROTOTYPES = YES;
				CLANG_WARN_SUSPICIOUS_MOVE = YES;
				CLANG_WARN_UNGUARDED_AVAILABILITY = YES_AGGRESSIVE;
				CLANG_WARN_UNREACHABLE_CODE = YES;
				CLANG_WARN__DUPLICATE_METHOD_MATCH = YES;
				COPY_PHASE_STRIP = NO;
				DEBUG_INFORMATION_FORMAT = dwarf;
				ENABLE_STRICT_OBJC_MSGSEND = YES;
				ENABLE_TESTABILITY = YES;
				GCC_C_LANGUAGE_STANDARD = gnu11;
				GCC_DYNAMIC_NO_PIC = NO;
				GCC_NO_COMMON_BLOCKS = YES;
				GCC_OPTIMIZATION_LEVEL = 0;
				GCC_PREPROCESSOR_DEFINITIONS = (
					"DEBUG=1",
					"$(inherited)",
				);
				GCC_WARN_64_TO_32_BIT_CONVERSION = YES;
				GCC_WARN_ABOUT_RETURN_TYPE = YES_ERROR;
				GCC_WARN_UNDECLARED_SELECTOR = YES;
				GCC_WARN_UNINITIALIZED_AUTOS = YES_AGGRESSIVE;
				GCC_WARN_UNUSED_FUNCTION = YES;
				GCC_WARN_UNUSED_VARIABLE = YES;
				IPHONEOS_DEPLOYMENT_TARGET = 14.5;
				MTL_ENABLE_DEBUG_INFO = INCLUDE_SOURCE;
				MTL_FAST_MATH = YES;
				ONLY_ACTIVE_ARCH = YES;
				SDKROOT = iphoneos;
				SWIFT_ACTIVE_COMPILATION_CONDITIONS = DEBUG;
				SWIFT_OPTIMIZATION_LEVEL = "-Onone";
			};
			name = Debug;
		};
		2DA7FCEC270DCCA400F7920C /* Release */ = {
			isa = XCBuildConfiguration;
			buildSettings = {
				ALWAYS_SEARCH_USER_PATHS = NO;
				CLANG_ANALYZER_NONNULL = YES;
				CLANG_ANALYZER_NUMBER_OBJECT_CONVERSION = YES_AGGRESSIVE;
				CLANG_CXX_LANGUAGE_STANDARD = "gnu++14";
				CLANG_CXX_LIBRARY = "libc++";
				CLANG_ENABLE_MODULES = YES;
				CLANG_ENABLE_OBJC_ARC = YES;
				CLANG_ENABLE_OBJC_WEAK = YES;
				CLANG_WARN_BLOCK_CAPTURE_AUTORELEASING = YES;
				CLANG_WARN_BOOL_CONVERSION = YES;
				CLANG_WARN_COMMA = YES;
				CLANG_WARN_CONSTANT_CONVERSION = YES;
				CLANG_WARN_DEPRECATED_OBJC_IMPLEMENTATIONS = YES;
				CLANG_WARN_DIRECT_OBJC_ISA_USAGE = YES_ERROR;
				CLANG_WARN_DOCUMENTATION_COMMENTS = YES;
				CLANG_WARN_EMPTY_BODY = YES;
				CLANG_WARN_ENUM_CONVERSION = YES;
				CLANG_WARN_INFINITE_RECURSION = YES;
				CLANG_WARN_INT_CONVERSION = YES;
				CLANG_WARN_NON_LITERAL_NULL_CONVERSION = YES;
				CLANG_WARN_OBJC_IMPLICIT_RETAIN_SELF = YES;
				CLANG_WARN_OBJC_LITERAL_CONVERSION = YES;
				CLANG_WARN_OBJC_ROOT_CLASS = YES_ERROR;
				CLANG_WARN_QUOTED_INCLUDE_IN_FRAMEWORK_HEADER = YES;
				CLANG_WARN_RANGE_LOOP_ANALYSIS = YES;
				CLANG_WARN_STRICT_PROTOTYPES = YES;
				CLANG_WARN_SUSPICIOUS_MOVE = YES;
				CLANG_WARN_UNGUARDED_AVAILABILITY = YES_AGGRESSIVE;
				CLANG_WARN_UNREACHABLE_CODE = YES;
				CLANG_WARN__DUPLICATE_METHOD_MATCH = YES;
				COPY_PHASE_STRIP = NO;
				DEBUG_INFORMATION_FORMAT = "dwarf-with-dsym";
				ENABLE_NS_ASSERTIONS = NO;
				ENABLE_STRICT_OBJC_MSGSEND = YES;
				GCC_C_LANGUAGE_STANDARD = gnu11;
				GCC_NO_COMMON_BLOCKS = YES;
				GCC_WARN_64_TO_32_BIT_CONVERSION = YES;
				GCC_WARN_ABOUT_RETURN_TYPE = YES_ERROR;
				GCC_WARN_UNDECLARED_SELECTOR = YES;
				GCC_WARN_UNINITIALIZED_AUTOS = YES_AGGRESSIVE;
				GCC_WARN_UNUSED_FUNCTION = YES;
				GCC_WARN_UNUSED_VARIABLE = YES;
				IPHONEOS_DEPLOYMENT_TARGET = 14.5;
				MTL_ENABLE_DEBUG_INFO = NO;
				MTL_FAST_MATH = YES;
				SDKROOT = iphoneos;
				SWIFT_COMPILATION_MODE = wholemodule;
				SWIFT_OPTIMIZATION_LEVEL = "-O";
				VALIDATE_PRODUCT = YES;
			};
			name = Release;
		};
		2DA7FCEE270DCCA400F7920C /* Debug */ = {
			isa = XCBuildConfiguration;
			baseConfigurationReference = 249540F00462CF4659A44A1D /* Pods-Jams.debug.xcconfig */;
			buildSettings = {
				ASSETCATALOG_COMPILER_APPICON_NAME = AppIcon;
				ASSETCATALOG_COMPILER_GLOBAL_ACCENT_COLOR_NAME = AccentColor;
				CODE_SIGN_STYLE = Automatic;
				DEVELOPMENT_TEAM = 3MGFLLHUA3;
				INFOPLIST_FILE = Jams/Resources/Info.plist;
				LD_RUNPATH_SEARCH_PATHS = (
					"$(inherited)",
					"@executable_path/Frameworks",
				);
				PRODUCT_BUNDLE_IDENTIFIER = com.yting.Jams;
				PRODUCT_NAME = "$(TARGET_NAME)";
				SWIFT_VERSION = 5.0;
				TARGETED_DEVICE_FAMILY = "1,2";
			};
			name = Debug;
		};
		2DA7FCEF270DCCA400F7920C /* Release */ = {
			isa = XCBuildConfiguration;
			baseConfigurationReference = 5190BEFD09513D3C360B9DE8 /* Pods-Jams.release.xcconfig */;
			buildSettings = {
				ASSETCATALOG_COMPILER_APPICON_NAME = AppIcon;
				ASSETCATALOG_COMPILER_GLOBAL_ACCENT_COLOR_NAME = AccentColor;
				CODE_SIGN_STYLE = Automatic;
				DEVELOPMENT_TEAM = 3MGFLLHUA3;
				INFOPLIST_FILE = Jams/Resources/Info.plist;
				LD_RUNPATH_SEARCH_PATHS = (
					"$(inherited)",
					"@executable_path/Frameworks",
				);
				PRODUCT_BUNDLE_IDENTIFIER = com.yting.Jams;
				PRODUCT_NAME = "$(TARGET_NAME)";
				SWIFT_VERSION = 5.0;
				TARGETED_DEVICE_FAMILY = "1,2";
			};
			name = Release;
		};
/* End XCBuildConfiguration section */

/* Begin XCConfigurationList section */
		2DA7FCD4270DCCA300F7920C /* Build configuration list for PBXProject "Jams" */ = {
			isa = XCConfigurationList;
			buildConfigurations = (
				2DA7FCEB270DCCA400F7920C /* Debug */,
				2DA7FCEC270DCCA400F7920C /* Release */,
			);
			defaultConfigurationIsVisible = 0;
			defaultConfigurationName = Release;
		};
		2DA7FCED270DCCA400F7920C /* Build configuration list for PBXNativeTarget "Jams" */ = {
			isa = XCConfigurationList;
			buildConfigurations = (
				2DA7FCEE270DCCA400F7920C /* Debug */,
				2DA7FCEF270DCCA400F7920C /* Release */,
			);
			defaultConfigurationIsVisible = 0;
			defaultConfigurationName = Release;
		};
/* End XCConfigurationList section */

/* Begin XCVersionGroup section */
		2D90636B27119126009E8D58 /* Jams.xcdatamodeld */ = {
			isa = XCVersionGroup;
			children = (
				2D90636C27119126009E8D58 /* Jams.xcdatamodel */,
			);
			currentVersion = 2D90636C27119126009E8D58 /* Jams.xcdatamodel */;
			path = Jams.xcdatamodeld;
			sourceTree = "<group>";
			versionGroupType = wrapper.xcdatamodel;
		};
/* End XCVersionGroup section */
	};
	rootObject = 2DA7FCD1270DCCA300F7920C /* Project object */;
}
